
Microsoft Visual Studio Solution File, Format Version 12.00
# Visual Studio Version 16
VisualStudioVersion = 16.0.29025.244
MinimumVisualStudioVersion = 10.0.40219.1
Project("{9A19103F-16F7-4668-BE54-9A1E7A4F7556}") = "Transactions", "Transactions\Transactions.csproj", "{695B36D1-CC85-45A6-801D-8C60A12AB0AD}"
EndProject
Project("{9A19103F-16F7-4668-BE54-9A1E7A4F7556}") = "Transactions.Tests", "Transactions.Tests\Transactions.Tests.csproj", "{965C7964-611B-4849-A721-07E10BDD6663}"
EndProject
Project("{2150E333-8FDC-42A3-9474-1A3956D46DE8}") = "net451", "net451", "{9A522FC2-2DDA-402B-9A3D-0561D1BB180F}"
EndProject
Project("{FAE04EC0-301F-11D3-BF4B-00C04F79EFBC}") = "Transactions.net451", "Transactions.net451\Transactions.net451.csproj", "{17C09F6C-B745-4FBC-9C47-CE17A32DA58B}"
EndProject
Project("{FAE04EC0-301F-11D3-BF4B-00C04F79EFBC}") = "System.Transactions.net451", "System.Transactions.net451\System.Transactions.net451.csproj", "{5F3DCCB6-0DF2-48EF-A9A9-2BAE5F5714A8}"
EndProject
Global
	GlobalSection(SolutionConfigurationPlatforms) = preSolution
		Debug|Any CPU = Debug|Any CPU
		Release|Any CPU = Release|Any CPU
	EndGlobalSection
	GlobalSection(ProjectConfigurationPlatforms) = postSolution
		{695B36D1-CC85-45A6-801D-8C60A12AB0AD}.Debug|Any CPU.ActiveCfg = Debug|Any CPU
		{695B36D1-CC85-45A6-801D-8C60A12AB0AD}.Debug|Any CPU.Build.0 = Debug|Any CPU
		{695B36D1-CC85-45A6-801D-8C60A12AB0AD}.Release|Any CPU.ActiveCfg = Release|Any CPU
		{695B36D1-CC85-45A6-801D-8C60A12AB0AD}.Release|Any CPU.Build.0 = Release|Any CPU
		{965C7964-611B-4849-A721-07E10BDD6663}.Debug|Any CPU.ActiveCfg = Debug|Any CPU
		{965C7964-611B-4849-A721-07E10BDD6663}.Debug|Any CPU.Build.0 = Debug|Any CPU
		{965C7964-611B-4849-A721-07E10BDD6663}.Release|Any CPU.ActiveCfg = Release|Any CPU
		{965C7964-611B-4849-A721-07E10BDD6663}.Release|Any CPU.Build.0 = Release|Any CPU
		{17C09F6C-B745-4FBC-9C47-CE17A32DA58B}.Debug|Any CPU.ActiveCfg = Debug|Any CPU
		{17C09F6C-B745-4FBC-9C47-CE17A32DA58B}.Debug|Any CPU.Build.0 = Debug|Any CPU
		{17C09F6C-B745-4FBC-9C47-CE17A32DA58B}.Release|Any CPU.ActiveCfg = Release|Any CPU
		{17C09F6C-B745-4FBC-9C47-CE17A32DA58B}.Release|Any CPU.Build.0 = Release|Any CPU
		{5F3DCCB6-0DF2-48EF-A9A9-2BAE5F5714A8}.Debug|Any CPU.ActiveCfg = Debug|Any CPU
		{5F3DCCB6-0DF2-48EF-A9A9-2BAE5F5714A8}.Debug|Any CPU.Build.0 = Debug|Any CPU
		{5F3DCCB6-0DF2-48EF-A9A9-2BAE5F5714A8}.Release|Any CPU.ActiveCfg = Release|Any CPU
		{5F3DCCB6-0DF2-48EF-A9A9-2BAE5F5714A8}.Release|Any CPU.Build.0 = Release|Any CPU
	EndGlobalSection
	GlobalSection(SolutionProperties) = preSolution
		HideSolutionNode = FALSE
	EndGlobalSection
	GlobalSection(NestedProjects) = preSolution
		{17C09F6C-B745-4FBC-9C47-CE17A32DA58B} = {9A522FC2-2DDA-402B-9A3D-0561D1BB180F}
		{5F3DCCB6-0DF2-48EF-A9A9-2BAE5F5714A8} = {9A522FC2-2DDA-402B-9A3D-0561D1BB180F}
	EndGlobalSection
	GlobalSection(ExtensibilityGlobals) = postSolution
		SolutionGuid = {043C88D2-B642-44CA-B773-9C5319874B91}
	EndGlobalSection
EndGlobal
